// !$*UTF8*$!
{
	archiveVersion = 1;
	classes = {
	};
	objectVersion = 55;
	objects = {

/* Begin PBXBuildFile section */
		1ECF6673F9584FD5D772717B /* Pods_WeatherAppTests.framework in Frameworks */ = {isa = PBXBuildFile; fileRef = 2BFE692EAEFB7193398AC2C1 /* Pods_WeatherAppTests.framework */; };
		6E880DE728A76C660019C462 /* WeatherViewModel.swift in Sources */ = {isa = PBXBuildFile; fileRef = 6E880DE628A76C660019C462 /* WeatherViewModel.swift */; };
		6E880DEB28A778B40019C462 /* LocationTableViewCell.swift in Sources */ = {isa = PBXBuildFile; fileRef = 6E880DE928A778B40019C462 /* LocationTableViewCell.swift */; };
		6E880DEC28A778B40019C462 /* LocationTableViewCell.xib in Resources */ = {isa = PBXBuildFile; fileRef = 6E880DEA28A778B40019C462 /* LocationTableViewCell.xib */; };
		962C8C0728ACAEE300552ABA /* WeatherViewModelTests.swift in Sources */ = {isa = PBXBuildFile; fileRef = 962C8C0628ACAEE300552ABA /* WeatherViewModelTests.swift */; };
		96B23A8A28A9F3BF000CC9BF /* DimenConsts.swift in Sources */ = {isa = PBXBuildFile; fileRef = 96B23A8928A9F3BF000CC9BF /* DimenConsts.swift */; };
		96B23A8D28AA17DB000CC9BF /* UISearchBarExtension.swift in Sources */ = {isa = PBXBuildFile; fileRef = 96B23A8C28AA17DB000CC9BF /* UISearchBarExtension.swift */; };
		96E01AE428A4E838004B649E /* AppDelegate.swift in Sources */ = {isa = PBXBuildFile; fileRef = 96E01AE328A4E838004B649E /* AppDelegate.swift */; };
		96E01AE628A4E838004B649E /* SceneDelegate.swift in Sources */ = {isa = PBXBuildFile; fileRef = 96E01AE528A4E838004B649E /* SceneDelegate.swift */; };
		96E01AE828A4E838004B649E /* WeatherVC.swift in Sources */ = {isa = PBXBuildFile; fileRef = 96E01AE728A4E838004B649E /* WeatherVC.swift */; };
		96E01AEB28A4E838004B649E /* Main.storyboard in Resources */ = {isa = PBXBuildFile; fileRef = 96E01AE928A4E838004B649E /* Main.storyboard */; };
		96E01AED28A4E839004B649E /* Assets.xcassets in Resources */ = {isa = PBXBuildFile; fileRef = 96E01AEC28A4E839004B649E /* Assets.xcassets */; };
		96E01AF028A4E839004B649E /* LaunchScreen.storyboard in Resources */ = {isa = PBXBuildFile; fileRef = 96E01AEE28A4E839004B649E /* LaunchScreen.storyboard */; };
		96E01AFE28A4E9A4004B649E /* WeatherResponse.swift in Sources */ = {isa = PBXBuildFile; fileRef = 96E01AFD28A4E9A4004B649E /* WeatherResponse.swift */; };
		96E01B0028A4E9B5004B649E /* LocationResponse.swift in Sources */ = {isa = PBXBuildFile; fileRef = 96E01AFF28A4E9B5004B649E /* LocationResponse.swift */; };
		96E01B0228A4E9D0004B649E /* HttpUtility.swift in Sources */ = {isa = PBXBuildFile; fileRef = 96E01B0128A4E9D0004B649E /* HttpUtility.swift */; };
		96E01B0528A4EAD0004B649E /* HttpRequest.swift in Sources */ = {isa = PBXBuildFile; fileRef = 96E01B0428A4EAD0004B649E /* HttpRequest.swift */; };
		96E01B0B28A4EC50004B649E /* HttpNetworkError.swift in Sources */ = {isa = PBXBuildFile; fileRef = 96E01B0A28A4EC50004B649E /* HttpNetworkError.swift */; };
		96E01B0E28A4EEC0004B649E /* CommonConsts.swift in Sources */ = {isa = PBXBuildFile; fileRef = 96E01B0D28A4EEC0004B649E /* CommonConsts.swift */; };
		96E01B1B28A4F3AD004B649E /* OpenWeatherAPI_Integration_Tests.swift in Sources */ = {isa = PBXBuildFile; fileRef = 96E01B1A28A4F3AD004B649E /* OpenWeatherAPI_Integration_Tests.swift */; };
		96E01B2328A4FBDE004B649E /* Utils.swift in Sources */ = {isa = PBXBuildFile; fileRef = 96E01B2228A4FBDE004B649E /* Utils.swift */; };
		96E01B2528A4FCF4004B649E /* StringConsts.swift in Sources */ = {isa = PBXBuildFile; fileRef = 96E01B2428A4FCF4004B649E /* StringConsts.swift */; };
		C3867D6DA703019B1BD56600 /* Pods_WeatherApp.framework in Frameworks */ = {isa = PBXBuildFile; fileRef = 325767B2D3E2E605059EFC3D /* Pods_WeatherApp.framework */; };
/* End PBXBuildFile section */

/* Begin PBXContainerItemProxy section */
		96E01B1C28A4F3AD004B649E /* PBXContainerItemProxy */ = {
			isa = PBXContainerItemProxy;
			containerPortal = 96E01AD828A4E838004B649E /* Project object */;
			proxyType = 1;
			remoteGlobalIDString = 96E01ADF28A4E838004B649E;
			remoteInfo = WeatherApp;
		};
/* End PBXContainerItemProxy section */

/* Begin PBXFileReference section */
		0C2704554F720F45C3801D7D /* Pods-WeatherApp.debug.xcconfig */ = {isa = PBXFileReference; includeInIndex = 1; lastKnownFileType = text.xcconfig; name = "Pods-WeatherApp.debug.xcconfig"; path = "Target Support Files/Pods-WeatherApp/Pods-WeatherApp.debug.xcconfig"; sourceTree = "<group>"; };
		2BFE692EAEFB7193398AC2C1 /* Pods_WeatherAppTests.framework */ = {isa = PBXFileReference; explicitFileType = wrapper.framework; includeInIndex = 0; path = Pods_WeatherAppTests.framework; sourceTree = BUILT_PRODUCTS_DIR; };
		325767B2D3E2E605059EFC3D /* Pods_WeatherApp.framework */ = {isa = PBXFileReference; explicitFileType = wrapper.framework; includeInIndex = 0; path = Pods_WeatherApp.framework; sourceTree = BUILT_PRODUCTS_DIR; };
		32E8D60AEF17AEC21E4730FC /* Pods-WeatherAppTests.debug.xcconfig */ = {isa = PBXFileReference; includeInIndex = 1; lastKnownFileType = text.xcconfig; name = "Pods-WeatherAppTests.debug.xcconfig"; path = "Target Support Files/Pods-WeatherAppTests/Pods-WeatherAppTests.debug.xcconfig"; sourceTree = "<group>"; };
		47CF97D1699A0F0AF5FEB8D8 /* Pods-WeatherApp.release.xcconfig */ = {isa = PBXFileReference; includeInIndex = 1; lastKnownFileType = text.xcconfig; name = "Pods-WeatherApp.release.xcconfig"; path = "Target Support Files/Pods-WeatherApp/Pods-WeatherApp.release.xcconfig"; sourceTree = "<group>"; };
		5EEE1394B0C72FFA6D34C092 /* Pods-WeatherAppTests.release.xcconfig */ = {isa = PBXFileReference; includeInIndex = 1; lastKnownFileType = text.xcconfig; name = "Pods-WeatherAppTests.release.xcconfig"; path = "Target Support Files/Pods-WeatherAppTests/Pods-WeatherAppTests.release.xcconfig"; sourceTree = "<group>"; };
		6E880DE628A76C660019C462 /* WeatherViewModel.swift */ = {isa = PBXFileReference; lastKnownFileType = sourcecode.swift; path = WeatherViewModel.swift; sourceTree = "<group>"; };
		6E880DE928A778B40019C462 /* LocationTableViewCell.swift */ = {isa = PBXFileReference; lastKnownFileType = sourcecode.swift; path = LocationTableViewCell.swift; sourceTree = "<group>"; };
		6E880DEA28A778B40019C462 /* LocationTableViewCell.xib */ = {isa = PBXFileReference; lastKnownFileType = file.xib; path = LocationTableViewCell.xib; sourceTree = "<group>"; };
		962C8C0628ACAEE300552ABA /* WeatherViewModelTests.swift */ = {isa = PBXFileReference; lastKnownFileType = sourcecode.swift; path = WeatherViewModelTests.swift; sourceTree = "<group>"; };
		96B23A8928A9F3BF000CC9BF /* DimenConsts.swift */ = {isa = PBXFileReference; lastKnownFileType = sourcecode.swift; path = DimenConsts.swift; sourceTree = "<group>"; };
		96B23A8C28AA17DB000CC9BF /* UISearchBarExtension.swift */ = {isa = PBXFileReference; lastKnownFileType = sourcecode.swift; path = UISearchBarExtension.swift; sourceTree = "<group>"; };
		96E01AE028A4E838004B649E /* WeatherApp.app */ = {isa = PBXFileReference; explicitFileType = wrapper.application; includeInIndex = 0; path = WeatherApp.app; sourceTree = BUILT_PRODUCTS_DIR; };
		96E01AE328A4E838004B649E /* AppDelegate.swift */ = {isa = PBXFileReference; lastKnownFileType = sourcecode.swift; path = AppDelegate.swift; sourceTree = "<group>"; };
		96E01AE528A4E838004B649E /* SceneDelegate.swift */ = {isa = PBXFileReference; lastKnownFileType = sourcecode.swift; path = SceneDelegate.swift; sourceTree = "<group>"; };
		96E01AE728A4E838004B649E /* WeatherVC.swift */ = {isa = PBXFileReference; lastKnownFileType = sourcecode.swift; path = WeatherVC.swift; sourceTree = "<group>"; };
		96E01AEA28A4E838004B649E /* Base */ = {isa = PBXFileReference; lastKnownFileType = file.storyboard; name = Base; path = Base.lproj/Main.storyboard; sourceTree = "<group>"; };
		96E01AEC28A4E839004B649E /* Assets.xcassets */ = {isa = PBXFileReference; lastKnownFileType = folder.assetcatalog; path = Assets.xcassets; sourceTree = "<group>"; };
		96E01AEF28A4E839004B649E /* Base */ = {isa = PBXFileReference; lastKnownFileType = file.storyboard; name = Base; path = Base.lproj/LaunchScreen.storyboard; sourceTree = "<group>"; };
		96E01AF128A4E839004B649E /* Info.plist */ = {isa = PBXFileReference; lastKnownFileType = text.plist.xml; path = Info.plist; sourceTree = "<group>"; };
		96E01AFD28A4E9A4004B649E /* WeatherResponse.swift */ = {isa = PBXFileReference; lastKnownFileType = sourcecode.swift; path = WeatherResponse.swift; sourceTree = "<group>"; };
		96E01AFF28A4E9B5004B649E /* LocationResponse.swift */ = {isa = PBXFileReference; lastKnownFileType = sourcecode.swift; path = LocationResponse.swift; sourceTree = "<group>"; };
		96E01B0128A4E9D0004B649E /* HttpUtility.swift */ = {isa = PBXFileReference; lastKnownFileType = sourcecode.swift; path = HttpUtility.swift; sourceTree = "<group>"; };
		96E01B0428A4EAD0004B649E /* HttpRequest.swift */ = {isa = PBXFileReference; lastKnownFileType = sourcecode.swift; path = HttpRequest.swift; sourceTree = "<group>"; };
		96E01B0A28A4EC50004B649E /* HttpNetworkError.swift */ = {isa = PBXFileReference; lastKnownFileType = sourcecode.swift; path = HttpNetworkError.swift; sourceTree = "<group>"; };
		96E01B0D28A4EEC0004B649E /* CommonConsts.swift */ = {isa = PBXFileReference; lastKnownFileType = sourcecode.swift; path = CommonConsts.swift; sourceTree = "<group>"; };
		96E01B1828A4F3AD004B649E /* WeatherAppTests.xctest */ = {isa = PBXFileReference; explicitFileType = wrapper.cfbundle; includeInIndex = 0; path = WeatherAppTests.xctest; sourceTree = BUILT_PRODUCTS_DIR; };
		96E01B1A28A4F3AD004B649E /* OpenWeatherAPI_Integration_Tests.swift */ = {isa = PBXFileReference; lastKnownFileType = sourcecode.swift; path = OpenWeatherAPI_Integration_Tests.swift; sourceTree = "<group>"; };
		96E01B2228A4FBDE004B649E /* Utils.swift */ = {isa = PBXFileReference; lastKnownFileType = sourcecode.swift; path = Utils.swift; sourceTree = "<group>"; };
		96E01B2428A4FCF4004B649E /* StringConsts.swift */ = {isa = PBXFileReference; lastKnownFileType = sourcecode.swift; path = StringConsts.swift; sourceTree = "<group>"; };
/* End PBXFileReference section */

/* Begin PBXFrameworksBuildPhase section */
		96E01ADD28A4E838004B649E /* Frameworks */ = {
			isa = PBXFrameworksBuildPhase;
			buildActionMask = 2147483647;
			files = (
				C3867D6DA703019B1BD56600 /* Pods_WeatherApp.framework in Frameworks */,
			);
			runOnlyForDeploymentPostprocessing = 0;
		};
		96E01B1528A4F3AD004B649E /* Frameworks */ = {
			isa = PBXFrameworksBuildPhase;
			buildActionMask = 2147483647;
			files = (
				1ECF6673F9584FD5D772717B /* Pods_WeatherAppTests.framework in Frameworks */,
			);
			runOnlyForDeploymentPostprocessing = 0;
		};
/* End PBXFrameworksBuildPhase section */

/* Begin PBXGroup section */
		55B4D2D0AB2D2A312242E996 /* Frameworks */ = {
			isa = PBXGroup;
			children = (
				325767B2D3E2E605059EFC3D /* Pods_WeatherApp.framework */,
				2BFE692EAEFB7193398AC2C1 /* Pods_WeatherAppTests.framework */,
			);
			name = Frameworks;
			sourceTree = "<group>";
		};
		6E880DE428A76C0D0019C462 /* Views */ = {
			isa = PBXGroup;
			children = (
				6E880DE828A777F00019C462 /* CustomCells */,
			);
			path = Views;
			sourceTree = "<group>";
		};
		6E880DE528A76C200019C462 /* ViewModels */ = {
			isa = PBXGroup;
			children = (
				6E880DE628A76C660019C462 /* WeatherViewModel.swift */,
			);
			path = ViewModels;
			sourceTree = "<group>";
		};
		6E880DE828A777F00019C462 /* CustomCells */ = {
			isa = PBXGroup;
			children = (
				6E880DE928A778B40019C462 /* LocationTableViewCell.swift */,
				6E880DEA28A778B40019C462 /* LocationTableViewCell.xib */,
			);
			path = CustomCells;
			sourceTree = "<group>";
		};
		96B23A8B28AA17B3000CC9BF /* Extensions */ = {
			isa = PBXGroup;
			children = (
				96B23A8C28AA17DB000CC9BF /* UISearchBarExtension.swift */,
			);
			path = Extensions;
			sourceTree = "<group>";
		};
		96E01AD728A4E838004B649E = {
			isa = PBXGroup;
			children = (
				96E01AE228A4E838004B649E /* WeatherApp */,
				96E01B1928A4F3AD004B649E /* WeatherAppTests */,
				96E01AE128A4E838004B649E /* Products */,
				A4EB70AD8721A11FA0BDCA93 /* Pods */,
				55B4D2D0AB2D2A312242E996 /* Frameworks */,
			);
			sourceTree = "<group>";
		};
		96E01AE128A4E838004B649E /* Products */ = {
			isa = PBXGroup;
			children = (
				96E01AE028A4E838004B649E /* WeatherApp.app */,
				96E01B1828A4F3AD004B649E /* WeatherAppTests.xctest */,
			);
			name = Products;
			sourceTree = "<group>";
		};
		96E01AE228A4E838004B649E /* WeatherApp */ = {
			isa = PBXGroup;
			children = (
				96E01AE328A4E838004B649E /* AppDelegate.swift */,
				96E01AE528A4E838004B649E /* SceneDelegate.swift */,
				96E01AE928A4E838004B649E /* Main.storyboard */,
				96E01AE728A4E838004B649E /* WeatherVC.swift */,
				96E01AEC28A4E839004B649E /* Assets.xcassets */,
				96E01AEE28A4E839004B649E /* LaunchScreen.storyboard */,
				96E01AF128A4E839004B649E /* Info.plist */,
				96E01AF828A4E8DF004B649E /* Models */,
				6E880DE428A76C0D0019C462 /* Views */,
				6E880DE528A76C200019C462 /* ViewModels */,
				96E01B0C28A4EE98004B649E /* Constants */,
				96E01AF928A4E8E7004B649E /* Services */,
				96B23A8B28AA17B3000CC9BF /* Extensions */,
			);
			path = WeatherApp;
			sourceTree = "<group>";
		};
		96E01AF828A4E8DF004B649E /* Models */ = {
			isa = PBXGroup;
			children = (
				96E01AFF28A4E9B5004B649E /* LocationResponse.swift */,
				96E01AFD28A4E9A4004B649E /* WeatherResponse.swift */,
			);
			path = Models;
			sourceTree = "<group>";
		};
		96E01AF928A4E8E7004B649E /* Services */ = {
			isa = PBXGroup;
			children = (
				96E01B0328A4EA4F004B649E /* HTTP */,
				96E01B2228A4FBDE004B649E /* Utils.swift */,
			);
			path = Services;
			sourceTree = "<group>";
		};
		96E01B0328A4EA4F004B649E /* HTTP */ = {
			isa = PBXGroup;
			children = (
				96E01B0128A4E9D0004B649E /* HttpUtility.swift */,
				96E01B0428A4EAD0004B649E /* HttpRequest.swift */,
				96E01B0A28A4EC50004B649E /* HttpNetworkError.swift */,
			);
			path = HTTP;
			sourceTree = "<group>";
		};
		96E01B0C28A4EE98004B649E /* Constants */ = {
			isa = PBXGroup;
			children = (
				96E01B0D28A4EEC0004B649E /* CommonConsts.swift */,
				96E01B2428A4FCF4004B649E /* StringConsts.swift */,
				96B23A8928A9F3BF000CC9BF /* DimenConsts.swift */,
			);
			path = Constants;
			sourceTree = "<group>";
		};
		96E01B1928A4F3AD004B649E /* WeatherAppTests */ = {
			isa = PBXGroup;
			children = (
				962C8C0628ACAEE300552ABA /* WeatherViewModelTests.swift */,
				96E01B1A28A4F3AD004B649E /* OpenWeatherAPI_Integration_Tests.swift */,
			);
			path = WeatherAppTests;
			sourceTree = "<group>";
		};
		A4EB70AD8721A11FA0BDCA93 /* Pods */ = {
			isa = PBXGroup;
			children = (
				0C2704554F720F45C3801D7D /* Pods-WeatherApp.debug.xcconfig */,
				47CF97D1699A0F0AF5FEB8D8 /* Pods-WeatherApp.release.xcconfig */,
				32E8D60AEF17AEC21E4730FC /* Pods-WeatherAppTests.debug.xcconfig */,
				5EEE1394B0C72FFA6D34C092 /* Pods-WeatherAppTests.release.xcconfig */,
			);
			path = Pods;
			sourceTree = "<group>";
		};
/* End PBXGroup section */

/* Begin PBXNativeTarget section */
		96E01ADF28A4E838004B649E /* WeatherApp */ = {
			isa = PBXNativeTarget;
			buildConfigurationList = 96E01AF428A4E839004B649E /* Build configuration list for PBXNativeTarget "WeatherApp" */;
			buildPhases = (
				FE38F17D0EB70D75EDC4D746 /* [CP] Check Pods Manifest.lock */,
				96E01ADC28A4E838004B649E /* Sources */,
				96E01ADD28A4E838004B649E /* Frameworks */,
				96E01ADE28A4E838004B649E /* Resources */,
				AD827A932ABEA3E1BFB88576 /* [CP] Embed Pods Frameworks */,
			);
			buildRules = (
			);
			dependencies = (
			);
			name = WeatherApp;
			productName = WeatherApp;
			productReference = 96E01AE028A4E838004B649E /* WeatherApp.app */;
			productType = "com.apple.product-type.application";
		};
		96E01B1728A4F3AD004B649E /* WeatherAppTests */ = {
			isa = PBXNativeTarget;
			buildConfigurationList = 96E01B1E28A4F3AD004B649E /* Build configuration list for PBXNativeTarget "WeatherAppTests" */;
			buildPhases = (
				557F04600652DFF751FCEFA5 /* [CP] Check Pods Manifest.lock */,
				96E01B1428A4F3AD004B649E /* Sources */,
				96E01B1528A4F3AD004B649E /* Frameworks */,
				96E01B1628A4F3AD004B649E /* Resources */,
			);
			buildRules = (
			);
			dependencies = (
				96E01B1D28A4F3AD004B649E /* PBXTargetDependency */,
			);
			name = WeatherAppTests;
			productName = WeatherAppTests;
			productReference = 96E01B1828A4F3AD004B649E /* WeatherAppTests.xctest */;
			productType = "com.apple.product-type.bundle.unit-test";
		};
/* End PBXNativeTarget section */

/* Begin PBXProject section */
		96E01AD828A4E838004B649E /* Project object */ = {
			isa = PBXProject;
			attributes = {
				BuildIndependentTargetsInParallel = 1;
				LastSwiftUpdateCheck = 1340;
				LastUpgradeCheck = 1340;
				TargetAttributes = {
					96E01ADF28A4E838004B649E = {
						CreatedOnToolsVersion = 13.4;
					};
					96E01B1728A4F3AD004B649E = {
						CreatedOnToolsVersion = 13.4;
						TestTargetID = 96E01ADF28A4E838004B649E;
					};
				};
			};
			buildConfigurationList = 96E01ADB28A4E838004B649E /* Build configuration list for PBXProject "WeatherApp" */;
			compatibilityVersion = "Xcode 13.0";
			developmentRegion = en;
			hasScannedForEncodings = 0;
			knownRegions = (
				en,
				Base,
			);
			mainGroup = 96E01AD728A4E838004B649E;
			productRefGroup = 96E01AE128A4E838004B649E /* Products */;
			projectDirPath = "";
			projectRoot = "";
			targets = (
				96E01ADF28A4E838004B649E /* WeatherApp */,
				96E01B1728A4F3AD004B649E /* WeatherAppTests */,
			);
		};
/* End PBXProject section */

/* Begin PBXResourcesBuildPhase section */
		96E01ADE28A4E838004B649E /* Resources */ = {
			isa = PBXResourcesBuildPhase;
			buildActionMask = 2147483647;
			files = (
				96E01AF028A4E839004B649E /* LaunchScreen.storyboard in Resources */,
				96E01AED28A4E839004B649E /* Assets.xcassets in Resources */,
				6E880DEC28A778B40019C462 /* LocationTableViewCell.xib in Resources */,
				96E01AEB28A4E838004B649E /* Main.storyboard in Resources */,
			);
			runOnlyForDeploymentPostprocessing = 0;
		};
		96E01B1628A4F3AD004B649E /* Resources */ = {
			isa = PBXResourcesBuildPhase;
			buildActionMask = 2147483647;
			files = (
			);
			runOnlyForDeploymentPostprocessing = 0;
		};
/* End PBXResourcesBuildPhase section */

/* Begin PBXShellScriptBuildPhase section */
		557F04600652DFF751FCEFA5 /* [CP] Check Pods Manifest.lock */ = {
			isa = PBXShellScriptBuildPhase;
			buildActionMask = 2147483647;
			files = (
			);
			inputFileListPaths = (
			);
			inputPaths = (
				"${PODS_PODFILE_DIR_PATH}/Podfile.lock",
				"${PODS_ROOT}/Manifest.lock",
			);
			name = "[CP] Check Pods Manifest.lock";
			outputFileListPaths = (
			);
			outputPaths = (
				"$(DERIVED_FILE_DIR)/Pods-WeatherAppTests-checkManifestLockResult.txt",
			);
			runOnlyForDeploymentPostprocessing = 0;
			shellPath = /bin/sh;
			shellScript = "diff \"${PODS_PODFILE_DIR_PATH}/Podfile.lock\" \"${PODS_ROOT}/Manifest.lock\" > /dev/null\nif [ $? != 0 ] ; then\n    # print error to STDERR\n    echo \"error: The sandbox is not in sync with the Podfile.lock. Run 'pod install' or update your CocoaPods installation.\" >&2\n    exit 1\nfi\n# This output is used by Xcode 'outputs' to avoid re-running this script phase.\necho \"SUCCESS\" > \"${SCRIPT_OUTPUT_FILE_0}\"\n";
			showEnvVarsInLog = 0;
		};
		AD827A932ABEA3E1BFB88576 /* [CP] Embed Pods Frameworks */ = {
			isa = PBXShellScriptBuildPhase;
			buildActionMask = 2147483647;
			files = (
			);
			inputFileListPaths = (
				"${PODS_ROOT}/Target Support Files/Pods-WeatherApp/Pods-WeatherApp-frameworks-${CONFIGURATION}-input-files.xcfilelist",
			);
			name = "[CP] Embed Pods Frameworks";
			outputFileListPaths = (
				"${PODS_ROOT}/Target Support Files/Pods-WeatherApp/Pods-WeatherApp-frameworks-${CONFIGURATION}-output-files.xcfilelist",
			);
			runOnlyForDeploymentPostprocessing = 0;
			shellPath = /bin/sh;
			shellScript = "\"${PODS_ROOT}/Target Support Files/Pods-WeatherApp/Pods-WeatherApp-frameworks.sh\"\n";
			showEnvVarsInLog = 0;
		};
		FE38F17D0EB70D75EDC4D746 /* [CP] Check Pods Manifest.lock */ = {
			isa = PBXShellScriptBuildPhase;
			buildActionMask = 2147483647;
			files = (
			);
			inputFileListPaths = (
			);
			inputPaths = (
				"${PODS_PODFILE_DIR_PATH}/Podfile.lock",
				"${PODS_ROOT}/Manifest.lock",
			);
			name = "[CP] Check Pods Manifest.lock";
			outputFileListPaths = (
			);
			outputPaths = (
				"$(DERIVED_FILE_DIR)/Pods-WeatherApp-checkManifestLockResult.txt",
			);
			runOnlyForDeploymentPostprocessing = 0;
			shellPath = /bin/sh;
			shellScript = "diff \"${PODS_PODFILE_DIR_PATH}/Podfile.lock\" \"${PODS_ROOT}/Manifest.lock\" > /dev/null\nif [ $? != 0 ] ; then\n    # print error to STDERR\n    echo \"error: The sandbox is not in sync with the Podfile.lock. Run 'pod install' or update your CocoaPods installation.\" >&2\n    exit 1\nfi\n# This output is used by Xcode 'outputs' to avoid re-running this script phase.\necho \"SUCCESS\" > \"${SCRIPT_OUTPUT_FILE_0}\"\n";
			showEnvVarsInLog = 0;
		};
/* End PBXShellScriptBuildPhase section */

/* Begin PBXSourcesBuildPhase section */
		96E01ADC28A4E838004B649E /* Sources */ = {
			isa = PBXSourcesBuildPhase;
			buildActionMask = 2147483647;
			files = (
				96E01B2528A4FCF4004B649E /* StringConsts.swift in Sources */,
				96E01AE828A4E838004B649E /* WeatherVC.swift in Sources */,
				96E01B0E28A4EEC0004B649E /* CommonConsts.swift in Sources */,
				6E880DE728A76C660019C462 /* WeatherViewModel.swift in Sources */,
				96E01AE428A4E838004B649E /* AppDelegate.swift in Sources */,
				6E880DEB28A778B40019C462 /* LocationTableViewCell.swift in Sources */,
				96E01B0028A4E9B5004B649E /* LocationResponse.swift in Sources */,
				96E01B0B28A4EC50004B649E /* HttpNetworkError.swift in Sources */,
				96E01B0228A4E9D0004B649E /* HttpUtility.swift in Sources */,
				96E01B0528A4EAD0004B649E /* HttpRequest.swift in Sources */,
				96B23A8D28AA17DB000CC9BF /* UISearchBarExtension.swift in Sources */,
				96E01AFE28A4E9A4004B649E /* WeatherResponse.swift in Sources */,
				96E01AE628A4E838004B649E /* SceneDelegate.swift in Sources */,
				96E01B2328A4FBDE004B649E /* Utils.swift in Sources */,
				96B23A8A28A9F3BF000CC9BF /* DimenConsts.swift in Sources */,
			);
			runOnlyForDeploymentPostprocessing = 0;
		};
		96E01B1428A4F3AD004B649E /* Sources */ = {
			isa = PBXSourcesBuildPhase;
			buildActionMask = 2147483647;
			files = (
				96E01B1B28A4F3AD004B649E /* OpenWeatherAPI_Integration_Tests.swift in Sources */,
				962C8C0728ACAEE300552ABA /* WeatherViewModelTests.swift in Sources */,
			);
			runOnlyForDeploymentPostprocessing = 0;
		};
/* End PBXSourcesBuildPhase section */

/* Begin PBXTargetDependency section */
		96E01B1D28A4F3AD004B649E /* PBXTargetDependency */ = {
			isa = PBXTargetDependency;
			target = 96E01ADF28A4E838004B649E /* WeatherApp */;
			targetProxy = 96E01B1C28A4F3AD004B649E /* PBXContainerItemProxy */;
		};
/* End PBXTargetDependency section */

/* Begin PBXVariantGroup section */
		96E01AE928A4E838004B649E /* Main.storyboard */ = {
			isa = PBXVariantGroup;
			children = (
				96E01AEA28A4E838004B649E /* Base */,
			);
			name = Main.storyboard;
			sourceTree = "<group>";
		};
		96E01AEE28A4E839004B649E /* LaunchScreen.storyboard */ = {
			isa = PBXVariantGroup;
			children = (
				96E01AEF28A4E839004B649E /* Base */,
			);
			name = LaunchScreen.storyboard;
			sourceTree = "<group>";
		};
/* End PBXVariantGroup section */

/* Begin XCBuildConfiguration section */
		96E01AF228A4E839004B649E /* Debug */ = {
			isa = XCBuildConfiguration;
			buildSettings = {
				ALWAYS_SEARCH_USER_PATHS = NO;
				CLANG_ANALYZER_NONNULL = YES;
				CLANG_ANALYZER_NUMBER_OBJECT_CONVERSION = YES_AGGRESSIVE;
				CLANG_CXX_LANGUAGE_STANDARD = "gnu++17";
				CLANG_ENABLE_MODULES = YES;
				CLANG_ENABLE_OBJC_ARC = YES;
				CLANG_ENABLE_OBJC_WEAK = YES;
				CLANG_WARN_BLOCK_CAPTURE_AUTORELEASING = YES;
				CLANG_WARN_BOOL_CONVERSION = YES;
				CLANG_WARN_COMMA = YES;
				CLANG_WARN_CONSTANT_CONVERSION = YES;
				CLANG_WARN_DEPRECATED_OBJC_IMPLEMENTATIONS = YES;
				CLANG_WARN_DIRECT_OBJC_ISA_USAGE = YES_ERROR;
				CLANG_WARN_DOCUMENTATION_COMMENTS = YES;
				CLANG_WARN_EMPTY_BODY = YES;
				CLANG_WARN_ENUM_CONVERSION = YES;
				CLANG_WARN_INFINITE_RECURSION = YES;
				CLANG_WARN_INT_CONVERSION = YES;
				CLANG_WARN_NON_LITERAL_NULL_CONVERSION = YES;
				CLANG_WARN_OBJC_IMPLICIT_RETAIN_SELF = YES;
				CLANG_WARN_OBJC_LITERAL_CONVERSION = YES;
				CLANG_WARN_OBJC_ROOT_CLASS = YES_ERROR;
				CLANG_WARN_QUOTED_INCLUDE_IN_FRAMEWORK_HEADER = YES;
				CLANG_WARN_RANGE_LOOP_ANALYSIS = YES;
				CLANG_WARN_STRICT_PROTOTYPES = YES;
				CLANG_WARN_SUSPICIOUS_MOVE = YES;
				CLANG_WARN_UNGUARDED_AVAILABILITY = YES_AGGRESSIVE;
				CLANG_WARN_UNREACHABLE_CODE = YES;
				CLANG_WARN__DUPLICATE_METHOD_MATCH = YES;
				COPY_PHASE_STRIP = NO;
				DEBUG_INFORMATION_FORMAT = dwarf;
				ENABLE_STRICT_OBJC_MSGSEND = YES;
				ENABLE_TESTABILITY = YES;
				GCC_C_LANGUAGE_STANDARD = gnu11;
				GCC_DYNAMIC_NO_PIC = NO;
				GCC_NO_COMMON_BLOCKS = YES;
				GCC_OPTIMIZATION_LEVEL = 0;
				GCC_PREPROCESSOR_DEFINITIONS = (
					"DEBUG=1",
					"$(inherited)",
				);
				GCC_WARN_64_TO_32_BIT_CONVERSION = YES;
				GCC_WARN_ABOUT_RETURN_TYPE = YES_ERROR;
				GCC_WARN_UNDECLARED_SELECTOR = YES;
				GCC_WARN_UNINITIALIZED_AUTOS = YES_AGGRESSIVE;
				GCC_WARN_UNUSED_FUNCTION = YES;
				GCC_WARN_UNUSED_VARIABLE = YES;
				IPHONEOS_DEPLOYMENT_TARGET = 13.0;
				MTL_ENABLE_DEBUG_INFO = INCLUDE_SOURCE;
				MTL_FAST_MATH = YES;
				ONLY_ACTIVE_ARCH = YES;
				SDKROOT = iphoneos;
				SWIFT_ACTIVE_COMPILATION_CONDITIONS = DEBUG;
				SWIFT_OPTIMIZATION_LEVEL = "-Onone";
			};
			name = Debug;
		};
		96E01AF328A4E839004B649E /* Release */ = {
			isa = XCBuildConfiguration;
			buildSettings = {
				ALWAYS_SEARCH_USER_PATHS = NO;
				CLANG_ANALYZER_NONNULL = YES;
				CLANG_ANALYZER_NUMBER_OBJECT_CONVERSION = YES_AGGRESSIVE;
				CLANG_CXX_LANGUAGE_STANDARD = "gnu++17";
				CLANG_ENABLE_MODULES = YES;
				CLANG_ENABLE_OBJC_ARC = YES;
				CLANG_ENABLE_OBJC_WEAK = YES;
				CLANG_WARN_BLOCK_CAPTURE_AUTORELEASING = YES;
				CLANG_WARN_BOOL_CONVERSION = YES;
				CLANG_WARN_COMMA = YES;
				CLANG_WARN_CONSTANT_CONVERSION = YES;
				CLANG_WARN_DEPRECATED_OBJC_IMPLEMENTATIONS = YES;
				CLANG_WARN_DIRECT_OBJC_ISA_USAGE = YES_ERROR;
				CLANG_WARN_DOCUMENTATION_COMMENTS = YES;
				CLANG_WARN_EMPTY_BODY = YES;
				CLANG_WARN_ENUM_CONVERSION = YES;
				CLANG_WARN_INFINITE_RECURSION = YES;
				CLANG_WARN_INT_CONVERSION = YES;
				CLANG_WARN_NON_LITERAL_NULL_CONVERSION = YES;
				CLANG_WARN_OBJC_IMPLICIT_RETAIN_SELF = YES;
				CLANG_WARN_OBJC_LITERAL_CONVERSION = YES;
				CLANG_WARN_OBJC_ROOT_CLASS = YES_ERROR;
				CLANG_WARN_QUOTED_INCLUDE_IN_FRAMEWORK_HEADER = YES;
				CLANG_WARN_RANGE_LOOP_ANALYSIS = YES;
				CLANG_WARN_STRICT_PROTOTYPES = YES;
				CLANG_WARN_SUSPICIOUS_MOVE = YES;
				CLANG_WARN_UNGUARDED_AVAILABILITY = YES_AGGRESSIVE;
				CLANG_WARN_UNREACHABLE_CODE = YES;
				CLANG_WARN__DUPLICATE_METHOD_MATCH = YES;
				COPY_PHASE_STRIP = NO;
				DEBUG_INFORMATION_FORMAT = "dwarf-with-dsym";
				ENABLE_NS_ASSERTIONS = NO;
				ENABLE_STRICT_OBJC_MSGSEND = YES;
				GCC_C_LANGUAGE_STANDARD = gnu11;
				GCC_NO_COMMON_BLOCKS = YES;
				GCC_WARN_64_TO_32_BIT_CONVERSION = YES;
				GCC_WARN_ABOUT_RETURN_TYPE = YES_ERROR;
				GCC_WARN_UNDECLARED_SELECTOR = YES;
				GCC_WARN_UNINITIALIZED_AUTOS = YES_AGGRESSIVE;
				GCC_WARN_UNUSED_FUNCTION = YES;
				GCC_WARN_UNUSED_VARIABLE = YES;
				IPHONEOS_DEPLOYMENT_TARGET = 13.0;
				MTL_ENABLE_DEBUG_INFO = NO;
				MTL_FAST_MATH = YES;
				SDKROOT = iphoneos;
				SWIFT_COMPILATION_MODE = wholemodule;
				SWIFT_OPTIMIZATION_LEVEL = "-O";
				VALIDATE_PRODUCT = YES;
			};
			name = Release;
		};
		96E01AF528A4E839004B649E /* Debug */ = {
			isa = XCBuildConfiguration;
			baseConfigurationReference = 0C2704554F720F45C3801D7D /* Pods-WeatherApp.debug.xcconfig */;
			buildSettings = {
				ASSETCATALOG_COMPILER_APPICON_NAME = AppIcon;
				ASSETCATALOG_COMPILER_GLOBAL_ACCENT_COLOR_NAME = AccentColor;
				CODE_SIGN_STYLE = Automatic;
				CURRENT_PROJECT_VERSION = 1;
				DEVELOPMENT_TEAM = 7P2J83YJ27;
				GENERATE_INFOPLIST_FILE = YES;
				INFOPLIST_FILE = WeatherApp/Info.plist;
				INFOPLIST_KEY_UIApplicationSupportsIndirectInputEvents = YES;
				INFOPLIST_KEY_UILaunchStoryboardName = LaunchScreen;
				INFOPLIST_KEY_UIMainStoryboardFile = Main;
				INFOPLIST_KEY_UISupportedInterfaceOrientations_iPad = "UIInterfaceOrientationPortrait UIInterfaceOrientationPortraitUpsideDown UIInterfaceOrientationLandscapeLeft UIInterfaceOrientationLandscapeRight";
				INFOPLIST_KEY_UISupportedInterfaceOrientations_iPhone = "UIInterfaceOrientationPortrait UIInterfaceOrientationLandscapeLeft UIInterfaceOrientationLandscapeRight";
				LD_RUNPATH_SEARCH_PATHS = (
					"$(inherited)",
					"@executable_path/Frameworks",
				);
				MARKETING_VERSION = 1.0;
				PRODUCT_BUNDLE_IDENTIFIER = np.com.om.WeatherApp;
				PRODUCT_NAME = "$(TARGET_NAME)";
				SWIFT_EMIT_LOC_STRINGS = YES;
				SWIFT_VERSION = 5.0;
				TARGETED_DEVICE_FAMILY = "1,2";
			};
			name = Debug;
		};
		96E01AF628A4E839004B649E /* Release */ = {
			isa = XCBuildConfiguration;
			baseConfigurationReference = 47CF97D1699A0F0AF5FEB8D8 /* Pods-WeatherApp.release.xcconfig */;
			buildSettings = {
				ASSETCATALOG_COMPILER_APPICON_NAME = AppIcon;
				ASSETCATALOG_COMPILER_GLOBAL_ACCENT_COLOR_NAME = AccentColor;
				CODE_SIGN_STYLE = Automatic;
				CURRENT_PROJECT_VERSION = 1;
				DEVELOPMENT_TEAM = 7P2J83YJ27;
				GENERATE_INFOPLIST_FILE = YES;
				INFOPLIST_FILE = WeatherApp/Info.plist;
				INFOPLIST_KEY_UIApplicationSupportsIndirectInputEvents = YES;
				INFOPLIST_KEY_UILaunchStoryboardName = LaunchScreen;
				INFOPLIST_KEY_UIMainStoryboardFile = Main;
				INFOPLIST_KEY_UISupportedInterfaceOrientations_iPad = "UIInterfaceOrientationPortrait UIInterfaceOrientationPortraitUpsideDown UIInterfaceOrientationLandscapeLeft UIInterfaceOrientationLandscapeRight";
				INFOPLIST_KEY_UISupportedInterfaceOrientations_iPhone = "UIInterfaceOrientationPortrait UIInterfaceOrientationLandscapeLeft UIInterfaceOrientationLandscapeRight";
				LD_RUNPATH_SEARCH_PATHS = (
					"$(inherited)",
					"@executable_path/Frameworks",
				);
				MARKETING_VERSION = 1.0;
				PRODUCT_BUNDLE_IDENTIFIER = np.com.om.WeatherApp;
				PRODUCT_NAME = "$(TARGET_NAME)";
				SWIFT_EMIT_LOC_STRINGS = YES;
				SWIFT_VERSION = 5.0;
				TARGETED_DEVICE_FAMILY = "1,2";
			};
			name = Release;
		};
		96E01B1F28A4F3AD004B649E /* Debug */ = {
			isa = XCBuildConfiguration;
			baseConfigurationReference = 32E8D60AEF17AEC21E4730FC /* Pods-WeatherAppTests.debug.xcconfig */;
			buildSettings = {
				BUNDLE_LOADER = "$(TEST_HOST)";
				CODE_SIGN_STYLE = Automatic;
				CURRENT_PROJECT_VERSION = 1;
				DEVELOPMENT_TEAM = 7P2J83YJ27;
				GENERATE_INFOPLIST_FILE = YES;
				MARKETING_VERSION = 1.0;
				PRODUCT_BUNDLE_IDENTIFIER = np.com.om.WeatherAppTests;
				PRODUCT_NAME = "$(TARGET_NAME)";
				SWIFT_EMIT_LOC_STRINGS = NO;
				SWIFT_VERSION = 5.0;
				TARGETED_DEVICE_FAMILY = "1,2";
				TEST_HOST = "$(BUILT_PRODUCTS_DIR)/WeatherApp.app/WeatherApp";
			};
			name = Debug;
		};
		96E01B2028A4F3AD004B649E /* Release */ = {
			isa = XCBuildConfiguration;
			baseConfigurationReference = 5EEE1394B0C72FFA6D34C092 /* Pods-WeatherAppTests.release.xcconfig */;
			buildSettings = {
				BUNDLE_LOADER = "$(TEST_HOST)";
				CODE_SIGN_STYLE = Automatic;
				CURRENT_PROJECT_VERSION = 1;
				DEVELOPMENT_TEAM = 7P2J83YJ27;
				GENERATE_INFOPLIST_FILE = YES;
				MARKETING_VERSION = 1.0;
				PRODUCT_BUNDLE_IDENTIFIER = np.com.om.WeatherAppTests;
				PRODUCT_NAME = "$(TARGET_NAME)";
				SWIFT_EMIT_LOC_STRINGS = NO;
				SWIFT_VERSION = 5.0;
				TARGETED_DEVICE_FAMILY = "1,2";
				TEST_HOST = "$(BUILT_PRODUCTS_DIR)/WeatherApp.app/WeatherApp";
			};
			name = Release;
		};
/* End XCBuildConfiguration section */

/* Begin XCConfigurationList section */
		96E01ADB28A4E838004B649E /* Build configuration list for PBXProject "WeatherApp" */ = {
			isa = XCConfigurationList;
			buildConfigurations = (
				96E01AF228A4E839004B649E /* Debug */,
				96E01AF328A4E839004B649E /* Release */,
			);
			defaultConfigurationIsVisible = 0;
			defaultConfigurationName = Release;
		};
		96E01AF428A4E839004B649E /* Build configuration list for PBXNativeTarget "WeatherApp" */ = {
			isa = XCConfigurationList;
			buildConfigurations = (
				96E01AF528A4E839004B649E /* Debug */,
				96E01AF628A4E839004B649E /* Release */,
			);
			defaultConfigurationIsVisible = 0;
			defaultConfigurationName = Release;
		};
		96E01B1E28A4F3AD004B649E /* Build configuration list for PBXNativeTarget "WeatherAppTests" */ = {
			isa = XCConfigurationList;
			buildConfigurations = (
				96E01B1F28A4F3AD004B649E /* Debug */,
				96E01B2028A4F3AD004B649E /* Release */,
			);
			defaultConfigurationIsVisible = 0;
			defaultConfigurationName = Release;
		};
/* End XCConfigurationList section */
	};
	rootObject = 96E01AD828A4E838004B649E /* Project object */;
}
